
Microsoft Visual Studio Solution File, Format Version 11.00
# Visual Studio 2010
Project("{FAE04EC0-301F-11D3-BF4B-00C04F79EFBC}") = "Assembly-CSharp", "Assembly-CSharp.csproj", "{E4065D8A-0AF9-9323-AD6C-973EED6E9BFD}"
EndProject
Project("{FAE04EC0-301F-11D3-BF4B-00C04F79EFBC}") = "Assembly-CSharp-Editor", "Assembly-CSharp-Editor.csproj", "{553A3485-D90E-5F9E-ABF6-5BB61A42D2EE}"
EndProject
Global
	GlobalSection(SolutionConfigurationPlatforms) = preSolution
		Debug|Any CPU = Debug|Any CPU
		Release|Any CPU = Release|Any CPU
	EndGlobalSection
	GlobalSection(ProjectConfigurationPlatforms) = postSolution
		{E4065D8A-0AF9-9323-AD6C-973EED6E9BFD}.Debug|Any CPU.ActiveCfg = Debug|Any CPU
		{E4065D8A-0AF9-9323-AD6C-973EED6E9BFD}.Debug|Any CPU.Build.0 = Debug|Any CPU
		{E4065D8A-0AF9-9323-AD6C-973EED6E9BFD}.Release|Any CPU.ActiveCfg = Release|Any CPU
		{E4065D8A-0AF9-9323-AD6C-973EED6E9BFD}.Release|Any CPU.Build.0 = Release|Any CPU
		{553A3485-D90E-5F9E-ABF6-5BB61A42D2EE}.Debug|Any CPU.ActiveCfg = Debug|Any CPU
		{553A3485-D90E-5F9E-ABF6-5BB61A42D2EE}.Debug|Any CPU.Build.0 = Debug|Any CPU
		{553A3485-D90E-5F9E-ABF6-5BB61A42D2EE}.Release|Any CPU.ActiveCfg = Release|Any CPU
		{553A3485-D90E-5F9E-ABF6-5BB61A42D2EE}.Release|Any CPU.Build.0 = Release|Any CPU
	EndGlobalSection
	GlobalSection(SolutionProperties) = preSolution
		HideSolutionNode = FALSE
	EndGlobalSection
	GlobalSection(MonoDevelopProperties) = preSolution
		StartupItem = Assembly-CSharp.csproj
	EndGlobalSection
EndGlobal
